
Microsoft Visual Studio Solution File, Format Version 12.00
# Visual Studio Version 17
VisualStudioVersion = 17.1.32421.90
MinimumVisualStudioVersion = 10.0.40219.1
Project("{FAE04EC0-301F-11D3-BF4B-00C04F79EFBC}") = "ServiceTicketClientApp", "ServiceTicketClientApp\ServiceTicketClientApp.csproj", "{8291F357-8F16-42CE-B326-5264615C9410}"
EndProject
Project("{FAE04EC0-301F-11D3-BF4B-00C04F79EFBC}") = "Contract", "Contract\Contract.csproj", "{0DAB8392-E64B-4CCB-8FC9-E67C033E1368}"
EndProject
Project("{FAE04EC0-301F-11D3-BF4B-00C04F79EFBC}") = "Model", "Model\Model.csproj", "{B1AD69CE-13D2-4517-A781-C4B4C979F810}"
EndProject
Project("{FAE04EC0-301F-11D3-BF4B-00C04F79EFBC}") = "Communication", "Communication\Communication.csproj", "{70B09AF6-635E-40E5-A177-633CBD7FD596}"
EndProject
Project("{FAE04EC0-301F-11D3-BF4B-00C04F79EFBC}") = "ContractTests", "ContractTests\ContractTests.csproj", "{365B8266-A8A8-424D-9618-38AE8087D938}"
EndProject
Global
	GlobalSection(SolutionConfigurationPlatforms) = preSolution
		Debug|Any CPU = Debug|Any CPU
		Release|Any CPU = Release|Any CPU
	EndGlobalSection
	GlobalSection(ProjectConfigurationPlatforms) = postSolution
		{8291F357-8F16-42CE-B326-5264615C9410}.Debug|Any CPU.ActiveCfg = Debug|Any CPU
		{8291F357-8F16-42CE-B326-5264615C9410}.Debug|Any CPU.Build.0 = Debug|Any CPU
		{8291F357-8F16-42CE-B326-5264615C9410}.Release|Any CPU.ActiveCfg = Release|Any CPU
		{8291F357-8F16-42CE-B326-5264615C9410}.Release|Any CPU.Build.0 = Release|Any CPU
		{0DAB8392-E64B-4CCB-8FC9-E67C033E1368}.Debug|Any CPU.ActiveCfg = Debug|Any CPU
		{0DAB8392-E64B-4CCB-8FC9-E67C033E1368}.Debug|Any CPU.Build.0 = Debug|Any CPU
		{0DAB8392-E64B-4CCB-8FC9-E67C033E1368}.Release|Any CPU.ActiveCfg = Release|Any CPU
		{0DAB8392-E64B-4CCB-8FC9-E67C033E1368}.Release|Any CPU.Build.0 = Release|Any CPU
		{B1AD69CE-13D2-4517-A781-C4B4C979F810}.Debug|Any CPU.ActiveCfg = Debug|Any CPU
		{B1AD69CE-13D2-4517-A781-C4B4C979F810}.Debug|Any CPU.Build.0 = Debug|Any CPU
		{B1AD69CE-13D2-4517-A781-C4B4C979F810}.Release|Any CPU.ActiveCfg = Release|Any CPU
		{B1AD69CE-13D2-4517-A781-C4B4C979F810}.Release|Any CPU.Build.0 = Release|Any CPU
		{70B09AF6-635E-40E5-A177-633CBD7FD596}.Debug|Any CPU.ActiveCfg = Debug|Any CPU
		{70B09AF6-635E-40E5-A177-633CBD7FD596}.Debug|Any CPU.Build.0 = Debug|Any CPU
		{70B09AF6-635E-40E5-A177-633CBD7FD596}.Release|Any CPU.ActiveCfg = Release|Any CPU
		{70B09AF6-635E-40E5-A177-633CBD7FD596}.Release|Any CPU.Build.0 = Release|Any CPU
		{365B8266-A8A8-424D-9618-38AE8087D938}.Debug|Any CPU.ActiveCfg = Debug|Any CPU
		{365B8266-A8A8-424D-9618-38AE8087D938}.Debug|Any CPU.Build.0 = Debug|Any CPU
		{365B8266-A8A8-424D-9618-38AE8087D938}.Release|Any CPU.ActiveCfg = Release|Any CPU
		{365B8266-A8A8-424D-9618-38AE8087D938}.Release|Any CPU.Build.0 = Release|Any CPU
	EndGlobalSection
	GlobalSection(SolutionProperties) = preSolution
		HideSolutionNode = FALSE
	EndGlobalSection
	GlobalSection(ExtensibilityGlobals) = postSolution
		SolutionGuid = {3570A73F-DB44-4033-8E5F-CD436A26A7C6}
	EndGlobalSection
EndGlobal
