
Microsoft Visual Studio Solution File, Format Version 12.00
# Visual Studio Version 16
VisualStudioVersion = 16.0.31410.357
MinimumVisualStudioVersion = 10.0.40219.1
Project("{FAE04EC0-301F-11D3-BF4B-00C04F79EFBC}") = "ServiceTicketClientApp", "ServiceTicketClientApp\ServiceTicketClientApp.csproj", "{8291F357-8F16-42CE-B326-5264615C9410}"
EndProject
Global
	GlobalSection(SolutionConfigurationPlatforms) = preSolution
		Debug|Any CPU = Debug|Any CPU
		Release|Any CPU = Release|Any CPU
	EndGlobalSection
	GlobalSection(ProjectConfigurationPlatforms) = postSolution
		{8291F357-8F16-42CE-B326-5264615C9410}.Debug|Any CPU.ActiveCfg = Debug|Any CPU
		{8291F357-8F16-42CE-B326-5264615C9410}.Debug|Any CPU.Build.0 = Debug|Any CPU
		{8291F357-8F16-42CE-B326-5264615C9410}.Release|Any CPU.ActiveCfg = Release|Any CPU
		{8291F357-8F16-42CE-B326-5264615C9410}.Release|Any CPU.Build.0 = Release|Any CPU
	EndGlobalSection
	GlobalSection(SolutionProperties) = preSolution
		HideSolutionNode = FALSE
	EndGlobalSection
	GlobalSection(ExtensibilityGlobals) = postSolution
		SolutionGuid = {3570A73F-DB44-4033-8E5F-CD436A26A7C6}
	EndGlobalSection
EndGlobal
